
Microsoft Visual Studio Solution File, Format Version 12.00
# Visual Studio 15
VisualStudioVersion = 15.0.27130.2010
MinimumVisualStudioVersion = 10.0.40219.1
Project("{FAE04EC0-301F-11D3-BF4B-00C04F79EFBC}") = "Shrinker", "Shrinker\Shrinker.csproj", "{186C887C-64BF-434A-A4AE-8A4F4EEA1C59}"
EndProject
Project("{FAE04EC0-301F-11D3-BF4B-00C04F79EFBC}") = "Renamer", "Renamer\Renamer.csproj", "{3362C7C9-6EE7-4F99-9B90-968449A60F4F}"
EndProject
Project("{FAE04EC0-301F-11D3-BF4B-00C04F79EFBC}") = "Randomizer", "Randomizer\Randomizer.csproj", "{9782FEBA-7755-4B03-96A6-12EE50D004D5}"
EndProject
Project("{FAE04EC0-301F-11D3-BF4B-00C04F79EFBC}") = "ShrinkerCLI", "ShrinkerCLI\ShrinkerCLI.csproj", "{5756D5CF-4528-4F57-851C-0AC506800425}"
EndProject
Global
	GlobalSection(SolutionConfigurationPlatforms) = preSolution
		Debug|Any CPU = Debug|Any CPU
		Release|Any CPU = Release|Any CPU
	EndGlobalSection
	GlobalSection(ProjectConfigurationPlatforms) = postSolution
		{186C887C-64BF-434A-A4AE-8A4F4EEA1C59}.Debug|Any CPU.ActiveCfg = Debug|Any CPU
		{186C887C-64BF-434A-A4AE-8A4F4EEA1C59}.Debug|Any CPU.Build.0 = Debug|Any CPU
		{186C887C-64BF-434A-A4AE-8A4F4EEA1C59}.Release|Any CPU.ActiveCfg = Release|Any CPU
		{186C887C-64BF-434A-A4AE-8A4F4EEA1C59}.Release|Any CPU.Build.0 = Release|Any CPU
		{3362C7C9-6EE7-4F99-9B90-968449A60F4F}.Debug|Any CPU.ActiveCfg = Debug|Any CPU
		{3362C7C9-6EE7-4F99-9B90-968449A60F4F}.Debug|Any CPU.Build.0 = Debug|Any CPU
		{3362C7C9-6EE7-4F99-9B90-968449A60F4F}.Release|Any CPU.ActiveCfg = Release|Any CPU
		{3362C7C9-6EE7-4F99-9B90-968449A60F4F}.Release|Any CPU.Build.0 = Release|Any CPU
		{9782FEBA-7755-4B03-96A6-12EE50D004D5}.Debug|Any CPU.ActiveCfg = Debug|Any CPU
		{9782FEBA-7755-4B03-96A6-12EE50D004D5}.Debug|Any CPU.Build.0 = Debug|Any CPU
		{9782FEBA-7755-4B03-96A6-12EE50D004D5}.Release|Any CPU.ActiveCfg = Release|Any CPU
		{9782FEBA-7755-4B03-96A6-12EE50D004D5}.Release|Any CPU.Build.0 = Release|Any CPU
		{5756D5CF-4528-4F57-851C-0AC506800425}.Debug|Any CPU.ActiveCfg = Debug|Any CPU
		{5756D5CF-4528-4F57-851C-0AC506800425}.Debug|Any CPU.Build.0 = Debug|Any CPU
		{5756D5CF-4528-4F57-851C-0AC506800425}.Release|Any CPU.ActiveCfg = Release|Any CPU
		{5756D5CF-4528-4F57-851C-0AC506800425}.Release|Any CPU.Build.0 = Release|Any CPU
	EndGlobalSection
	GlobalSection(SolutionProperties) = preSolution
		HideSolutionNode = FALSE
	EndGlobalSection
	GlobalSection(ExtensibilityGlobals) = postSolution
		SolutionGuid = {B4DBD388-41CB-4906-81B2-0AB27B5CF97A}
	EndGlobalSection
EndGlobal
